
Microsoft Visual Studio Solution File, Format Version 12.00
# Visual Studio Version 17
Project("{8BC9CEB8-8B4A-11D0-8D11-00A0C91BC942}") = "ALL_BUILD", "ALL_BUILD.vcxproj", "{729CD3B6-73CC-3712-B0B4-18B5C7262CDF}"
	ProjectSection(ProjectDependencies) = postProject
		{B680DB31-2D53-3B65-8B2A-613FF8412511} = {B680DB31-2D53-3B65-8B2A-613FF8412511}
		{2B4AED5C-E49A-3DFA-8C14-380E38244455} = {2B4AED5C-E49A-3DFA-8C14-380E38244455}
		{40A6CD2F-45A0-332E-8CE6-B8738ADF3160} = {40A6CD2F-45A0-332E-8CE6-B8738ADF3160}
		{884CE442-AABA-3F8B-906E-7BBA3B95F277} = {884CE442-AABA-3F8B-906E-7BBA3B95F277}
		{B4352139-F004-39CB-9617-019330D4CD41} = {B4352139-F004-39CB-9617-019330D4CD41}
		{F9ED639C-AD55-339E-876B-5090C05DDA44} = {F9ED639C-AD55-339E-876B-5090C05DDA44}
		{A2536C1A-AD68-35E0-86FD-2C770558BE96} = {A2536C1A-AD68-35E0-86FD-2C770558BE96}
		{E559D7E4-AEB9-35FF-823B-945DB2122245} = {E559D7E4-AEB9-35FF-823B-945DB2122245}
		{A1577AA7-46D0-3B53-973C-0F2C83BCA26E} = {A1577AA7-46D0-3B53-973C-0F2C83BCA26E}
		{FD93EE06-A336-398E-AE5C-2D362D34865F} = {FD93EE06-A336-398E-AE5C-2D362D34865F}
		{8A056BE7-A6B1-314D-9889-9DA1B37541C6} = {8A056BE7-A6B1-314D-9889-9DA1B37541C6}
		{A58A0666-27D4-397B-9087-2C6B07545722} = {A58A0666-27D4-397B-9087-2C6B07545722}
		{15EB5F08-0093-3263-9F00-E05BEC26C99E} = {15EB5F08-0093-3263-9F00-E05BEC26C99E}
		{10C415AD-254B-3B7B-996A-2D96C80AC5BC} = {10C415AD-254B-3B7B-996A-2D96C80AC5BC}
		{9C96C304-F4BF-327F-B920-D08EFE05E6F4} = {9C96C304-F4BF-327F-B920-D08EFE05E6F4}
		{61926473-35BE-3CB3-91F7-383CF859481D} = {61926473-35BE-3CB3-91F7-383CF859481D}
	EndProjectSection
EndProject
Project("{8BC9CEB8-8B4A-11D0-8D11-00A0C91BC942}") = "Continuous", "Continuous.vcxproj", "{073BCE00-63FA-3379-A67E-6871F64EAD01}"
	ProjectSection(ProjectDependencies) = postProject
		{B680DB31-2D53-3B65-8B2A-613FF8412511} = {B680DB31-2D53-3B65-8B2A-613FF8412511}
	EndProjectSection
EndProject
Project("{8BC9CEB8-8B4A-11D0-8D11-00A0C91BC942}") = "Experimental", "Experimental.vcxproj", "{C7DE0486-19B6-3812-BD02-F0B8CB34C822}"
	ProjectSection(ProjectDependencies) = postProject
		{B680DB31-2D53-3B65-8B2A-613FF8412511} = {B680DB31-2D53-3B65-8B2A-613FF8412511}
	EndProjectSection
EndProject
Project("{8BC9CEB8-8B4A-11D0-8D11-00A0C91BC942}") = "Nightly", "Nightly.vcxproj", "{60EFAEBC-B9AA-3879-B128-E9B9D670FBD1}"
	ProjectSection(ProjectDependencies) = postProject
		{B680DB31-2D53-3B65-8B2A-613FF8412511} = {B680DB31-2D53-3B65-8B2A-613FF8412511}
	EndProjectSection
EndProject
Project("{8BC9CEB8-8B4A-11D0-8D11-00A0C91BC942}") = "NightlyMemoryCheck", "NightlyMemoryCheck.vcxproj", "{DFE802B2-62C6-3B74-9897-8F0294BC9064}"
	ProjectSection(ProjectDependencies) = postProject
		{B680DB31-2D53-3B65-8B2A-613FF8412511} = {B680DB31-2D53-3B65-8B2A-613FF8412511}
	EndProjectSection
EndProject
Project("{8BC9CEB8-8B4A-11D0-8D11-00A0C91BC942}") = "RUN_TESTS", "RUN_TESTS.vcxproj", "{DE9F33BC-6450-3BA4-A07A-373BCE00770E}"
	ProjectSection(ProjectDependencies) = postProject
		{B680DB31-2D53-3B65-8B2A-613FF8412511} = {B680DB31-2D53-3B65-8B2A-613FF8412511}
	EndProjectSection
EndProject
Project("{8BC9CEB8-8B4A-11D0-8D11-00A0C91BC942}") = "ZERO_CHECK", "ZERO_CHECK.vcxproj", "{B680DB31-2D53-3B65-8B2A-613FF8412511}"
	ProjectSection(ProjectDependencies) = postProject
	EndProjectSection
EndProject
Project("{8BC9CEB8-8B4A-11D0-8D11-00A0C91BC942}") = "klb_bench", "klb_bench.vcxproj", "{2B4AED5C-E49A-3DFA-8C14-380E38244455}"
	ProjectSection(ProjectDependencies) = postProject
		{B680DB31-2D53-3B65-8B2A-613FF8412511} = {B680DB31-2D53-3B65-8B2A-613FF8412511}
		{40A6CD2F-45A0-332E-8CE6-B8738ADF3160} = {40A6CD2F-45A0-332E-8CE6-B8738ADF3160}
	EndProjectSection
EndProject
Project("{8BC9CEB8-8B4A-11D0-8D11-00A0C91BC942}") = "klb_core", "klb_core.vcxproj", "{40A6CD2F-45A0-332E-8CE6-B8738ADF3160}"
	ProjectSection(ProjectDependencies) = postProject
		{B680DB31-2D53-3B65-8B2A-613FF8412511} = {B680DB31-2D53-3B65-8B2A-613FF8412511}
	EndProjectSection
EndProject
Project("{8BC9CEB8-8B4A-11D0-8D11-00A0C91BC942}") = "klb_network", "klb_network.vcxproj", "{884CE442-AABA-3F8B-906E-7BBA3B95F277}"
	ProjectSection(ProjectDependencies) = postProject
		{B680DB31-2D53-3B65-8B2A-613FF8412511} = {B680DB31-2D53-3B65-8B2A-613FF8412511}
		{40A6CD2F-45A0-332E-8CE6-B8738ADF3160} = {40A6CD2F-45A0-332E-8CE6-B8738ADF3160}
	EndProjectSection
EndProject
Project("{8BC9CEB8-8B4A-11D0-8D11-00A0C91BC942}") = "klb_network_bench", "klb_network_bench.vcxproj", "{B4352139-F004-39CB-9617-019330D4CD41}"
	ProjectSection(ProjectDependencies) = postProject
		{B680DB31-2D53-3B65-8B2A-613FF8412511} = {B680DB31-2D53-3B65-8B2A-613FF8412511}
		{40A6CD2F-45A0-332E-8CE6-B8738ADF3160} = {40A6CD2F-45A0-332E-8CE6-B8738ADF3160}
	EndProjectSection
EndProject
Project("{8BC9CEB8-8B4A-11D0-8D11-00A0C91BC942}") = "klb_network_tests", "klb_network_tests.vcxproj", "{F9ED639C-AD55-339E-876B-5090C05DDA44}"
	ProjectSection(ProjectDependencies) = postProject
		{B680DB31-2D53-3B65-8B2A-613FF8412511} = {B680DB31-2D53-3B65-8B2A-613FF8412511}
		{40A6CD2F-45A0-332E-8CE6-B8738ADF3160} = {40A6CD2F-45A0-332E-8CE6-B8738ADF3160}
	EndProjectSection
EndProject
Project("{8BC9CEB8-8B4A-11D0-8D11-00A0C91BC942}") = "klb_orbit", "klb_orbit.vcxproj", "{A2536C1A-AD68-35E0-86FD-2C770558BE96}"
	ProjectSection(ProjectDependencies) = postProject
		{B680DB31-2D53-3B65-8B2A-613FF8412511} = {B680DB31-2D53-3B65-8B2A-613FF8412511}
		{40A6CD2F-45A0-332E-8CE6-B8738ADF3160} = {40A6CD2F-45A0-332E-8CE6-B8738ADF3160}
	EndProjectSection
EndProject
Project("{8BC9CEB8-8B4A-11D0-8D11-00A0C91BC942}") = "klb_orbit_bench", "klb_orbit_bench.vcxproj", "{E559D7E4-AEB9-35FF-823B-945DB2122245}"
	ProjectSection(ProjectDependencies) = postProject
		{B680DB31-2D53-3B65-8B2A-613FF8412511} = {B680DB31-2D53-3B65-8B2A-613FF8412511}
		{40A6CD2F-45A0-332E-8CE6-B8738ADF3160} = {40A6CD2F-45A0-332E-8CE6-B8738ADF3160}
	EndProjectSection
EndProject
Project("{8BC9CEB8-8B4A-11D0-8D11-00A0C91BC942}") = "klb_orbit_tests", "klb_orbit_tests.vcxproj", "{A1577AA7-46D0-3B53-973C-0F2C83BCA26E}"
	ProjectSection(ProjectDependencies) = postProject
		{B680DB31-2D53-3B65-8B2A-613FF8412511} = {B680DB31-2D53-3B65-8B2A-613FF8412511}
		{40A6CD2F-45A0-332E-8CE6-B8738ADF3160} = {40A6CD2F-45A0-332E-8CE6-B8738ADF3160}
	EndProjectSection
EndProject
Project("{8BC9CEB8-8B4A-11D0-8D11-00A0C91BC942}") = "klb_pack", "klb_pack.vcxproj", "{FD93EE06-A336-398E-AE5C-2D362D34865F}"
	ProjectSection(ProjectDependencies) = postProject
		{B680DB31-2D53-3B65-8B2A-613FF8412511} = {B680DB31-2D53-3B65-8B2A-613FF8412511}
		{40A6CD2F-45A0-332E-8CE6-B8738ADF3160} = {40A6CD2F-45A0-332E-8CE6-B8738ADF3160}
	EndProjectSection
EndProject
Project("{8BC9CEB8-8B4A-11D0-8D11-00A0C91BC942}") = "klb_seedchain", "klb_seedchain.vcxproj", "{8A056BE7-A6B1-314D-9889-9DA1B37541C6}"
	ProjectSection(ProjectDependencies) = postProject
		{B680DB31-2D53-3B65-8B2A-613FF8412511} = {B680DB31-2D53-3B65-8B2A-613FF8412511}
		{40A6CD2F-45A0-332E-8CE6-B8738ADF3160} = {40A6CD2F-45A0-332E-8CE6-B8738ADF3160}
	EndProjectSection
EndProject
Project("{8BC9CEB8-8B4A-11D0-8D11-00A0C91BC942}") = "klb_seedchain_bench", "klb_seedchain_bench.vcxproj", "{A58A0666-27D4-397B-9087-2C6B07545722}"
	ProjectSection(ProjectDependencies) = postProject
		{B680DB31-2D53-3B65-8B2A-613FF8412511} = {B680DB31-2D53-3B65-8B2A-613FF8412511}
		{40A6CD2F-45A0-332E-8CE6-B8738ADF3160} = {40A6CD2F-45A0-332E-8CE6-B8738ADF3160}
	EndProjectSection
EndProject
Project("{8BC9CEB8-8B4A-11D0-8D11-00A0C91BC942}") = "klb_sgp4", "klb_sgp4.vcxproj", "{15EB5F08-0093-3263-9F00-E05BEC26C99E}"
	ProjectSection(ProjectDependencies) = postProject
		{B680DB31-2D53-3B65-8B2A-613FF8412511} = {B680DB31-2D53-3B65-8B2A-613FF8412511}
		{40A6CD2F-45A0-332E-8CE6-B8738ADF3160} = {40A6CD2F-45A0-332E-8CE6-B8738ADF3160}
	EndProjectSection
EndProject
Project("{8BC9CEB8-8B4A-11D0-8D11-00A0C91BC942}") = "klb_sgp4_bench", "klb_sgp4_bench.vcxproj", "{10C415AD-254B-3B7B-996A-2D96C80AC5BC}"
	ProjectSection(ProjectDependencies) = postProject
		{B680DB31-2D53-3B65-8B2A-613FF8412511} = {B680DB31-2D53-3B65-8B2A-613FF8412511}
		{40A6CD2F-45A0-332E-8CE6-B8738ADF3160} = {40A6CD2F-45A0-332E-8CE6-B8738ADF3160}
	EndProjectSection
EndProject
Project("{8BC9CEB8-8B4A-11D0-8D11-00A0C91BC942}") = "klb_sgp4_tests", "klb_sgp4_tests.vcxproj", "{9C96C304-F4BF-327F-B920-D08EFE05E6F4}"
	ProjectSection(ProjectDependencies) = postProject
		{B680DB31-2D53-3B65-8B2A-613FF8412511} = {B680DB31-2D53-3B65-8B2A-613FF8412511}
		{40A6CD2F-45A0-332E-8CE6-B8738ADF3160} = {40A6CD2F-45A0-332E-8CE6-B8738ADF3160}
	EndProjectSection
EndProject
Project("{8BC9CEB8-8B4A-11D0-8D11-00A0C91BC942}") = "klb_tests", "klb_tests.vcxproj", "{61926473-35BE-3CB3-91F7-383CF859481D}"
	ProjectSection(ProjectDependencies) = postProject
		{B680DB31-2D53-3B65-8B2A-613FF8412511} = {B680DB31-2D53-3B65-8B2A-613FF8412511}
		{40A6CD2F-45A0-332E-8CE6-B8738ADF3160} = {40A6CD2F-45A0-332E-8CE6-B8738ADF3160}
	EndProjectSection
EndProject
Global
	GlobalSection(SolutionConfigurationPlatforms) = preSolution
		Debug|x64 = Debug|x64
		Release|x64 = Release|x64
		MinSizeRel|x64 = MinSizeRel|x64
		RelWithDebInfo|x64 = RelWithDebInfo|x64
	EndGlobalSection
	GlobalSection(ProjectConfigurationPlatforms) = postSolution
		{729CD3B6-73CC-3712-B0B4-18B5C7262CDF}.Debug|x64.ActiveCfg = Debug|x64
		{729CD3B6-73CC-3712-B0B4-18B5C7262CDF}.Release|x64.ActiveCfg = Release|x64
		{729CD3B6-73CC-3712-B0B4-18B5C7262CDF}.MinSizeRel|x64.ActiveCfg = MinSizeRel|x64
		{729CD3B6-73CC-3712-B0B4-18B5C7262CDF}.RelWithDebInfo|x64.ActiveCfg = RelWithDebInfo|x64
		{073BCE00-63FA-3379-A67E-6871F64EAD01}.Debug|x64.ActiveCfg = Debug|x64
		{073BCE00-63FA-3379-A67E-6871F64EAD01}.Release|x64.ActiveCfg = Release|x64
		{073BCE00-63FA-3379-A67E-6871F64EAD01}.MinSizeRel|x64.ActiveCfg = MinSizeRel|x64
		{073BCE00-63FA-3379-A67E-6871F64EAD01}.RelWithDebInfo|x64.ActiveCfg = RelWithDebInfo|x64
		{C7DE0486-19B6-3812-BD02-F0B8CB34C822}.Debug|x64.ActiveCfg = Debug|x64
		{C7DE0486-19B6-3812-BD02-F0B8CB34C822}.Release|x64.ActiveCfg = Release|x64
		{C7DE0486-19B6-3812-BD02-F0B8CB34C822}.MinSizeRel|x64.ActiveCfg = MinSizeRel|x64
		{C7DE0486-19B6-3812-BD02-F0B8CB34C822}.RelWithDebInfo|x64.ActiveCfg = RelWithDebInfo|x64
		{60EFAEBC-B9AA-3879-B128-E9B9D670FBD1}.Debug|x64.ActiveCfg = Debug|x64
		{60EFAEBC-B9AA-3879-B128-E9B9D670FBD1}.Release|x64.ActiveCfg = Release|x64
		{60EFAEBC-B9AA-3879-B128-E9B9D670FBD1}.MinSizeRel|x64.ActiveCfg = MinSizeRel|x64
		{60EFAEBC-B9AA-3879-B128-E9B9D670FBD1}.RelWithDebInfo|x64.ActiveCfg = RelWithDebInfo|x64
		{DFE802B2-62C6-3B74-9897-8F0294BC9064}.Debug|x64.ActiveCfg = Debug|x64
		{DFE802B2-62C6-3B74-9897-8F0294BC9064}.Release|x64.ActiveCfg = Release|x64
		{DFE802B2-62C6-3B74-9897-8F0294BC9064}.MinSizeRel|x64.ActiveCfg = MinSizeRel|x64
		{DFE802B2-62C6-3B74-9897-8F0294BC9064}.RelWithDebInfo|x64.ActiveCfg = RelWithDebInfo|x64
		{DE9F33BC-6450-3BA4-A07A-373BCE00770E}.Debug|x64.ActiveCfg = Debug|x64
		{DE9F33BC-6450-3BA4-A07A-373BCE00770E}.Release|x64.ActiveCfg = Release|x64
		{DE9F33BC-6450-3BA4-A07A-373BCE00770E}.MinSizeRel|x64.ActiveCfg = MinSizeRel|x64
		{DE9F33BC-6450-3BA4-A07A-373BCE00770E}.RelWithDebInfo|x64.ActiveCfg = RelWithDebInfo|x64
		{B680DB31-2D53-3B65-8B2A-613FF8412511}.Debug|x64.ActiveCfg = Debug|x64
		{B680DB31-2D53-3B65-8B2A-613FF8412511}.Debug|x64.Build.0 = Debug|x64
		{B680DB31-2D53-3B65-8B2A-613FF8412511}.Release|x64.ActiveCfg = Release|x64
		{B680DB31-2D53-3B65-8B2A-613FF8412511}.Release|x64.Build.0 = Release|x64
		{B680DB31-2D53-3B65-8B2A-613FF8412511}.MinSizeRel|x64.ActiveCfg = MinSizeRel|x64
		{B680DB31-2D53-3B65-8B2A-613FF8412511}.MinSizeRel|x64.Build.0 = MinSizeRel|x64
		{B680DB31-2D53-3B65-8B2A-613FF8412511}.RelWithDebInfo|x64.ActiveCfg = RelWithDebInfo|x64
		{B680DB31-2D53-3B65-8B2A-613FF8412511}.RelWithDebInfo|x64.Build.0 = RelWithDebInfo|x64
		{2B4AED5C-E49A-3DFA-8C14-380E38244455}.Debug|x64.ActiveCfg = Debug|x64
		{2B4AED5C-E49A-3DFA-8C14-380E38244455}.Debug|x64.Build.0 = Debug|x64
		{2B4AED5C-E49A-3DFA-8C14-380E38244455}.Release|x64.ActiveCfg = Release|x64
		{2B4AED5C-E49A-3DFA-8C14-380E38244455}.Release|x64.Build.0 = Release|x64
		{2B4AED5C-E49A-3DFA-8C14-380E38244455}.MinSizeRel|x64.ActiveCfg = MinSizeRel|x64
		{2B4AED5C-E49A-3DFA-8C14-380E38244455}.MinSizeRel|x64.Build.0 = MinSizeRel|x64
		{2B4AED5C-E49A-3DFA-8C14-380E38244455}.RelWithDebInfo|x64.ActiveCfg = RelWithDebInfo|x64
		{2B4AED5C-E49A-3DFA-8C14-380E38244455}.RelWithDebInfo|x64.Build.0 = RelWithDebInfo|x64
		{40A6CD2F-45A0-332E-8CE6-B8738ADF3160}.Debug|x64.ActiveCfg = Debug|x64
		{40A6CD2F-45A0-332E-8CE6-B8738ADF3160}.Debug|x64.Build.0 = Debug|x64
		{40A6CD2F-45A0-332E-8CE6-B8738ADF3160}.Release|x64.ActiveCfg = Release|x64
		{40A6CD2F-45A0-332E-8CE6-B8738ADF3160}.Release|x64.Build.0 = Release|x64
		{40A6CD2F-45A0-332E-8CE6-B8738ADF3160}.MinSizeRel|x64.ActiveCfg = MinSizeRel|x64
		{40A6CD2F-45A0-332E-8CE6-B8738ADF3160}.MinSizeRel|x64.Build.0 = MinSizeRel|x64
		{40A6CD2F-45A0-332E-8CE6-B8738ADF3160}.RelWithDebInfo|x64.ActiveCfg = RelWithDebInfo|x64
		{40A6CD2F-45A0-332E-8CE6-B8738ADF3160}.RelWithDebInfo|x64.Build.0 = RelWithDebInfo|x64
		{884CE442-AABA-3F8B-906E-7BBA3B95F277}.Debug|x64.ActiveCfg = Debug|x64
		{884CE442-AABA-3F8B-906E-7BBA3B95F277}.Debug|x64.Build.0 = Debug|x64
		{884CE442-AABA-3F8B-906E-7BBA3B95F277}.Release|x64.ActiveCfg = Release|x64
		{884CE442-AABA-3F8B-906E-7BBA3B95F277}.Release|x64.Build.0 = Release|x64
		{884CE442-AABA-3F8B-906E-7BBA3B95F277}.MinSizeRel|x64.ActiveCfg = MinSizeRel|x64
		{884CE442-AABA-3F8B-906E-7BBA3B95F277}.MinSizeRel|x64.Build.0 = MinSizeRel|x64
		{884CE442-AABA-3F8B-906E-7BBA3B95F277}.RelWithDebInfo|x64.ActiveCfg = RelWithDebInfo|x64
		{884CE442-AABA-3F8B-906E-7BBA3B95F277}.RelWithDebInfo|x64.Build.0 = RelWithDebInfo|x64
		{B4352139-F004-39CB-9617-019330D4CD41}.Debug|x64.ActiveCfg = Debug|x64
		{B4352139-F004-39CB-9617-019330D4CD41}.Debug|x64.Build.0 = Debug|x64
		{B4352139-F004-39CB-9617-019330D4CD41}.Release|x64.ActiveCfg = Release|x64
		{B4352139-F004-39CB-9617-019330D4CD41}.Release|x64.Build.0 = Release|x64
		{B4352139-F004-39CB-9617-019330D4CD41}.MinSizeRel|x64.ActiveCfg = MinSizeRel|x64
		{B4352139-F004-39CB-9617-019330D4CD41}.MinSizeRel|x64.Build.0 = MinSizeRel|x64
		{B4352139-F004-39CB-9617-019330D4CD41}.RelWithDebInfo|x64.ActiveCfg = RelWithDebInfo|x64
		{B4352139-F004-39CB-9617-019330D4CD41}.RelWithDebInfo|x64.Build.0 = RelWithDebInfo|x64
		{F9ED639C-AD55-339E-876B-5090C05DDA44}.Debug|x64.ActiveCfg = Debug|x64
		{F9ED639C-AD55-339E-876B-5090C05DDA44}.Debug|x64.Build.0 = Debug|x64
		{F9ED639C-AD55-339E-876B-5090C05DDA44}.Release|x64.ActiveCfg = Release|x64
		{F9ED639C-AD55-339E-876B-5090C05DDA44}.Release|x64.Build.0 = Release|x64
		{F9ED639C-AD55-339E-876B-5090C05DDA44}.MinSizeRel|x64.ActiveCfg = MinSizeRel|x64
		{F9ED639C-AD55-339E-876B-5090C05DDA44}.MinSizeRel|x64.Build.0 = MinSizeRel|x64
		{F9ED639C-AD55-339E-876B-5090C05DDA44}.RelWithDebInfo|x64.ActiveCfg = RelWithDebInfo|x64
		{F9ED639C-AD55-339E-876B-5090C05DDA44}.RelWithDebInfo|x64.Build.0 = RelWithDebInfo|x64
		{A2536C1A-AD68-35E0-86FD-2C770558BE96}.Debug|x64.ActiveCfg = Debug|x64
		{A2536C1A-AD68-35E0-86FD-2C770558BE96}.Debug|x64.Build.0 = Debug|x64
		{A2536C1A-AD68-35E0-86FD-2C770558BE96}.Release|x64.ActiveCfg = Release|x64
		{A2536C1A-AD68-35E0-86FD-2C770558BE96}.Release|x64.Build.0 = Release|x64
		{A2536C1A-AD68-35E0-86FD-2C770558BE96}.MinSizeRel|x64.ActiveCfg = MinSizeRel|x64
		{A2536C1A-AD68-35E0-86FD-2C770558BE96}.MinSizeRel|x64.Build.0 = MinSizeRel|x64
		{A2536C1A-AD68-35E0-86FD-2C770558BE96}.RelWithDebInfo|x64.ActiveCfg = RelWithDebInfo|x64
		{A2536C1A-AD68-35E0-86FD-2C770558BE96}.RelWithDebInfo|x64.Build.0 = RelWithDebInfo|x64
		{E559D7E4-AEB9-35FF-823B-945DB2122245}.Debug|x64.ActiveCfg = Debug|x64
		{E559D7E4-AEB9-35FF-823B-945DB2122245}.Debug|x64.Build.0 = Debug|x64
		{E559D7E4-AEB9-35FF-823B-945DB2122245}.Release|x64.ActiveCfg = Release|x64
		{E559D7E4-AEB9-35FF-823B-945DB2122245}.Release|x64.Build.0 = Release|x64
		{E559D7E4-AEB9-35FF-823B-945DB2122245}.MinSizeRel|x64.ActiveCfg = MinSizeRel|x64
		{E559D7E4-AEB9-35FF-823B-945DB2122245}.MinSizeRel|x64.Build.0 = MinSizeRel|x64
		{E559D7E4-AEB9-35FF-823B-945DB2122245}.RelWithDebInfo|x64.ActiveCfg = RelWithDebInfo|x64
		{E559D7E4-AEB9-35FF-823B-945DB2122245}.RelWithDebInfo|x64.Build.0 = RelWithDebInfo|x64
		{A1577AA7-46D0-3B53-973C-0F2C83BCA26E}.Debug|x64.ActiveCfg = Debug|x64
		{A1577AA7-46D0-3B53-973C-0F2C83BCA26E}.Debug|x64.Build.0 = Debug|x64
		{A1577AA7-46D0-3B53-973C-0F2C83BCA26E}.Release|x64.ActiveCfg = Release|x64
		{A1577AA7-46D0-3B53-973C-0F2C83BCA26E}.Release|x64.Build.0 = Release|x64
		{A1577AA7-46D0-3B53-973C-0F2C83BCA26E}.MinSizeRel|x64.ActiveCfg = MinSizeRel|x64
		{A1577AA7-46D0-3B53-973C-0F2C83BCA26E}.MinSizeRel|x64.Build.0 = MinSizeRel|x64
		{A1577AA7-46D0-3B53-973C-0F2C83BCA26E}.RelWithDebInfo|x64.ActiveCfg = RelWithDebInfo|x64
		{A1577AA7-46D0-3B53-973C-0F2C83BCA26E}.RelWithDebInfo|x64.Build.0 = RelWithDebInfo|x64
		{FD93EE06-A336-398E-AE5C-2D362D34865F}.Debug|x64.ActiveCfg = Debug|x64
		{FD93EE06-A336-398E-AE5C-2D362D34865F}.Debug|x64.Build.0 = Debug|x64
		{FD93EE06-A336-398E-AE5C-2D362D34865F}.Release|x64.ActiveCfg = Release|x64
		{FD93EE06-A336-398E-AE5C-2D362D34865F}.Release|x64.Build.0 = Release|x64
		{FD93EE06-A336-398E-AE5C-2D362D34865F}.MinSizeRel|x64.ActiveCfg = MinSizeRel|x64
		{FD93EE06-A336-398E-AE5C-2D362D34865F}.MinSizeRel|x64.Build.0 = MinSizeRel|x64
		{FD93EE06-A336-398E-AE5C-2D362D34865F}.RelWithDebInfo|x64.ActiveCfg = RelWithDebInfo|x64
		{FD93EE06-A336-398E-AE5C-2D362D34865F}.RelWithDebInfo|x64.Build.0 = RelWithDebInfo|x64
		{8A056BE7-A6B1-314D-9889-9DA1B37541C6}.Debug|x64.ActiveCfg = Debug|x64
		{8A056BE7-A6B1-314D-9889-9DA1B37541C6}.Debug|x64.Build.0 = Debug|x64
		{8A056BE7-A6B1-314D-9889-9DA1B37541C6}.Release|x64.ActiveCfg = Release|x64
		{8A056BE7-A6B1-314D-9889-9DA1B37541C6}.Release|x64.Build.0 = Release|x64
		{8A056BE7-A6B1-314D-9889-9DA1B37541C6}.MinSizeRel|x64.ActiveCfg = MinSizeRel|x64
		{8A056BE7-A6B1-314D-9889-9DA1B37541C6}.MinSizeRel|x64.Build.0 = MinSizeRel|x64
		{8A056BE7-A6B1-314D-9889-9DA1B37541C6}.RelWithDebInfo|x64.ActiveCfg = RelWithDebInfo|x64
		{8A056BE7-A6B1-314D-9889-9DA1B37541C6}.RelWithDebInfo|x64.Build.0 = RelWithDebInfo|x64
		{A58A0666-27D4-397B-9087-2C6B07545722}.Debug|x64.ActiveCfg = Debug|x64
		{A58A0666-27D4-397B-9087-2C6B07545722}.Debug|x64.Build.0 = Debug|x64
		{A58A0666-27D4-397B-9087-2C6B07545722}.Release|x64.ActiveCfg = Release|x64
		{A58A0666-27D4-397B-9087-2C6B07545722}.Release|x64.Build.0 = Release|x64
		{A58A0666-27D4-397B-9087-2C6B07545722}.MinSizeRel|x64.ActiveCfg = MinSizeRel|x64
		{A58A0666-27D4-397B-9087-2C6B07545722}.MinSizeRel|x64.Build.0 = MinSizeRel|x64
		{A58A0666-27D4-397B-9087-2C6B07545722}.RelWithDebInfo|x64.ActiveCfg = RelWithDebInfo|x64
		{A58A0666-27D4-397B-9087-2C6B07545722}.RelWithDebInfo|x64.Build.0 = RelWithDebInfo|x64
		{15EB5F08-0093-3263-9F00-E05BEC26C99E}.Debug|x64.ActiveCfg = Debug|x64
		{15EB5F08-0093-3263-9F00-E05BEC26C99E}.Debug|x64.Build.0 = Debug|x64
		{15EB5F08-0093-3263-9F00-E05BEC26C99E}.Release|x64.ActiveCfg = Release|x64
		{15EB5F08-0093-3263-9F00-E05BEC26C99E}.Release|x64.Build.0 = Release|x64
		{15EB5F08-0093-3263-9F00-E05BEC26C99E}.MinSizeRel|x64.ActiveCfg = MinSizeRel|x64
		{15EB5F08-0093-3263-9F00-E05BEC26C99E}.MinSizeRel|x64.Build.0 = MinSizeRel|x64
		{15EB5F08-0093-3263-9F00-E05BEC26C99E}.RelWithDebInfo|x64.ActiveCfg = RelWithDebInfo|x64
		{15EB5F08-0093-3263-9F00-E05BEC26C99E}.RelWithDebInfo|x64.Build.0 = RelWithDebInfo|x64
		{10C415AD-254B-3B7B-996A-2D96C80AC5BC}.Debug|x64.ActiveCfg = Debug|x64
		{10C415AD-254B-3B7B-996A-2D96C80AC5BC}.Debug|x64.Build.0 = Debug|x64
		{10C415AD-254B-3B7B-996A-2D96C80AC5BC}.Release|x64.ActiveCfg = Release|x64
		{10C415AD-254B-3B7B-996A-2D96C80AC5BC}.Release|x64.Build.0 = Release|x64
		{10C415AD-254B-3B7B-996A-2D96C80AC5BC}.MinSizeRel|x64.ActiveCfg = MinSizeRel|x64
		{10C415AD-254B-3B7B-996A-2D96C80AC5BC}.MinSizeRel|x64.Build.0 = MinSizeRel|x64
		{10C415AD-254B-3B7B-996A-2D96C80AC5BC}.RelWithDebInfo|x64.ActiveCfg = RelWithDebInfo|x64
		{10C415AD-254B-3B7B-996A-2D96C80AC5BC}.RelWithDebInfo|x64.Build.0 = RelWithDebInfo|x64
		{9C96C304-F4BF-327F-B920-D08EFE05E6F4}.Debug|x64.ActiveCfg = Debug|x64
		{9C96C304-F4BF-327F-B920-D08EFE05E6F4}.Debug|x64.Build.0 = Debug|x64
		{9C96C304-F4BF-327F-B920-D08EFE05E6F4}.Release|x64.ActiveCfg = Release|x64
		{9C96C304-F4BF-327F-B920-D08EFE05E6F4}.Release|x64.Build.0 = Release|x64
		{9C96C304-F4BF-327F-B920-D08EFE05E6F4}.MinSizeRel|x64.ActiveCfg = MinSizeRel|x64
		{9C96C304-F4BF-327F-B920-D08EFE05E6F4}.MinSizeRel|x64.Build.0 = MinSizeRel|x64
		{9C96C304-F4BF-327F-B920-D08EFE05E6F4}.RelWithDebInfo|x64.ActiveCfg = RelWithDebInfo|x64
		{9C96C304-F4BF-327F-B920-D08EFE05E6F4}.RelWithDebInfo|x64.Build.0 = RelWithDebInfo|x64
		{61926473-35BE-3CB3-91F7-383CF859481D}.Debug|x64.ActiveCfg = Debug|x64
		{61926473-35BE-3CB3-91F7-383CF859481D}.Debug|x64.Build.0 = Debug|x64
		{61926473-35BE-3CB3-91F7-383CF859481D}.Release|x64.ActiveCfg = Release|x64
		{61926473-35BE-3CB3-91F7-383CF859481D}.Release|x64.Build.0 = Release|x64
		{61926473-35BE-3CB3-91F7-383CF859481D}.MinSizeRel|x64.ActiveCfg = MinSizeRel|x64
		{61926473-35BE-3CB3-91F7-383CF859481D}.MinSizeRel|x64.Build.0 = MinSizeRel|x64
		{61926473-35BE-3CB3-91F7-383CF859481D}.RelWithDebInfo|x64.ActiveCfg = RelWithDebInfo|x64
		{61926473-35BE-3CB3-91F7-383CF859481D}.RelWithDebInfo|x64.Build.0 = RelWithDebInfo|x64
	EndGlobalSection
	GlobalSection(ExtensibilityGlobals) = postSolution
		SolutionGuid = {EBED8DDD-BBCE-3953-A014-71FF53697AA5}
	EndGlobalSection
	GlobalSection(ExtensibilityAddIns) = postSolution
	EndGlobalSection
EndGlobal
