<?xml version="1.0" encoding="utf-8"?>
<Project ToolsVersion="17.0" xmlns="http://schemas.microsoft.com/developer/msbuild/2003">
  <ItemGroup>
    <ClCompile Include="C:\Users\Tom\Documents\TomKlootwijkVentureCorp\Klootwijk\klb_seedchain_gpu_v0.6.0_network_pruning\klb_seedchain_gpu_v0.6.0_network_pruning\tests\test_cpu.cpp">
      <Filter>Source Files</Filter>
    </ClCompile>
  </ItemGroup>
  <ItemGroup>
    <CustomBuild Include="C:\Users\Tom\Documents\TomKlootwijkVentureCorp\Klootwijk\klb_seedchain_gpu_v0.6.0_network_pruning\klb_seedchain_gpu_v0.6.0_network_pruning\CMakeLists.txt" />
  </ItemGroup>
  <ItemGroup>
    <Filter Include="Source Files">
      <UniqueIdentifier>{55EA96D6-1517-3384-BA55-5727C7F3422D}</UniqueIdentifier>
    </Filter>
  </ItemGroup>
</Project>
