<?xml version="1.0" encoding="utf-8"?>
<Project ToolsVersion="17.0" xmlns="http://schemas.microsoft.com/developer/msbuild/2003">
  <ItemGroup>
    <CustomBuild Include="C:\Users\Tom\Documents\TomKlootwijkVentureCorp\Klootwijk\klb_seedchain_gpu_v0.6.0_network_pruning\klb_seedchain_gpu_v0.6.0_network_pruning\b128\CMakeFiles\9f8a23cd83fdbc317477ace1b883fe2a\generate.stamp.rule">
      <Filter>CMake Rules</Filter>
    </CustomBuild>
  </ItemGroup>
  <ItemGroup>
    <Filter Include="CMake Rules">
      <UniqueIdentifier>{7B47570C-1DF9-31E4-A0F3-37A4CA8A37A3}</UniqueIdentifier>
    </Filter>
  </ItemGroup>
</Project>
